
Microsoft Visual Studio Solution File, Format Version 12.00
# Visual Studio Version 16
VisualStudioVersion = 16.0.30711.63
MinimumVisualStudioVersion = 10.0.40219.1
Project("{FAE04EC0-301F-11D3-BF4B-00C04F79EFBC}") = "ConsoleApp2", "ConsoleApp2\ConsoleApp2.csproj", "{D41DC4F2-4D40-463A-9259-3CBE260590CD}"
EndProject
Global
	GlobalSection(SolutionConfigurationPlatforms) = preSolution
		Debug|Any CPU = Debug|Any CPU
		Release|Any CPU = Release|Any CPU
	EndGlobalSection
	GlobalSection(ProjectConfigurationPlatforms) = postSolution
		{D41DC4F2-4D40-463A-9259-3CBE260590CD}.Debug|Any CPU.ActiveCfg = Debug|Any CPU
		{D41DC4F2-4D40-463A-9259-3CBE260590CD}.Debug|Any CPU.Build.0 = Debug|Any CPU
		{D41DC4F2-4D40-463A-9259-3CBE260590CD}.Release|Any CPU.ActiveCfg = Release|Any CPU
		{D41DC4F2-4D40-463A-9259-3CBE260590CD}.Release|Any CPU.Build.0 = Release|Any CPU
	EndGlobalSection
	GlobalSection(SolutionProperties) = preSolution
		HideSolutionNode = FALSE
	EndGlobalSection
	GlobalSection(ExtensibilityGlobals) = postSolution
		SolutionGuid = {5362351C-5AA9-460A-902F-DD02C18D7B9E}
	EndGlobalSection
EndGlobal
